{
  "nodes": {
    "flake-compat": {
      "flake": false,
      "locked": {
        "lastModified": 1747046372,
        "narHash": "sha256-CIVLLkVgvHYbgI2UpXvIIBJ12HWgX+fjA8Xf8PUmqCY=",
        "owner": "edolstra",
        "repo": "flake-compat",
        "rev": "9100a0f413b0c601e0533d1d94ffd501ce2e7885",
        "type": "github"
      },
      "original": {
        "owner": "edolstra",
        "repo": "flake-compat",
        "type": "github"
      }
    },
    "flake-parts": {
      "inputs": {
        "nixpkgs-lib": "nixpkgs-lib"
      },
      "locked": {
<<<<<<< Updated upstream
        "lastModified": 1760813311,
        "narHash": "sha256-lbHQ7FXGzt6/IygWvJ1lCq+Txcut3xYYd6VIpF1ojkg=",
||||||| Stash base
        "lastModified": 1749398372,
        "narHash": "sha256-tYBdgS56eXYaWVW3fsnPQ/nFlgWi/Z2Ymhyu21zVM98=",
=======
        "lastModified": 1760948891,
        "narHash": "sha256-TmWcdiUUaWk8J4lpjzu4gCGxWY6/Ok7mOK4fIFfBuU4=",
>>>>>>> Stashed changes
        "owner": "hercules-ci",
        "repo": "flake-parts",
<<<<<<< Updated upstream
        "rev": "4e627ac2e1b8f1de7f5090064242de9a259dbbc8",
||||||| Stash base
        "rev": "9305fe4e5c2a6fcf5ba6a3ff155720fbe4076569",
=======
        "rev": "864599284fc7c0ba6357ed89ed5e2cd5040f0c04",
>>>>>>> Stashed changes
        "type": "github"
      },
      "original": {
        "owner": "hercules-ci",
        "repo": "flake-parts",
        "type": "github"
      }
    },
    "flake-parts_2": {
      "inputs": {
        "nixpkgs-lib": [
          "hci-effects",
          "nixpkgs"
        ]
      },
      "locked": {
<<<<<<< Updated upstream
        "lastModified": 1754487366,
        "narHash": "sha256-pHYj8gUBapuUzKV/kN/tR3Zvqc7o6gdFB9XKXIp1SQ8=",
||||||| Stash base
        "lastModified": 1743550720,
        "narHash": "sha256-hIshGgKZCgWh6AYJpJmRgFdR3WUbkY04o82X05xqQiY=",
=======
        "lastModified": 1759362264,
        "narHash": "sha256-wfG0S7pltlYyZTM+qqlhJ7GMw2fTF4mLKCIVhLii/4M=",
>>>>>>> Stashed changes
        "owner": "hercules-ci",
        "repo": "flake-parts",
<<<<<<< Updated upstream
        "rev": "af66ad14b28a127c5c0f3bbb298218fc63528a18",
||||||| Stash base
        "rev": "c621e8422220273271f52058f618c94e405bb0f5",
=======
        "rev": "758cf7296bee11f1706a574c77d072b8a7baa881",
>>>>>>> Stashed changes
        "type": "github"
      },
      "original": {
        "id": "flake-parts",
        "type": "indirect"
      }
    },
    "git-hooks-nix": {
      "inputs": {
        "flake-compat": "flake-compat",
        "gitignore": "gitignore",
        "nixpkgs": "nixpkgs"
      },
      "locked": {
        "lastModified": 1760663237,
        "narHash": "sha256-BflA6U4AM1bzuRMR8QqzPXqh8sWVCNDzOdsxXEguJIc=",
        "owner": "cachix",
        "repo": "git-hooks.nix",
        "rev": "ca5b894d3e3e151ffc1db040b6ce4dcc75d31c37",
        "type": "github"
      },
      "original": {
        "owner": "cachix",
        "repo": "git-hooks.nix",
        "type": "github"
      }
    },
    "gitignore": {
      "inputs": {
        "nixpkgs": [
          "git-hooks-nix",
          "nixpkgs"
        ]
      },
      "locked": {
        "lastModified": 1709087332,
        "narHash": "sha256-HG2cCnktfHsKV0s4XW83gU3F57gaTljL9KNSuG6bnQs=",
        "owner": "hercules-ci",
        "repo": "gitignore.nix",
        "rev": "637db329424fd7e46cf4185293b9cc8c88c95394",
        "type": "github"
      },
      "original": {
        "owner": "hercules-ci",
        "repo": "gitignore.nix",
        "type": "github"
      }
    },
    "hci-effects": {
      "inputs": {
        "flake-parts": "flake-parts_2",
        "nixpkgs": "nixpkgs_2"
      },
      "locked": {
<<<<<<< Updated upstream
        "lastModified": 1758022363,
        "narHash": "sha256-ENUhCRWgSX4ni751HieNuQoq06dJvApV/Nm89kh+/A0=",
||||||| Stash base
        "lastModified": 1748000383,
        "narHash": "sha256-EaAJhwfJGBncgIV/0NlJviid2DP93cTMc9h0q6P6xXk=",
=======
        "lastModified": 1761230615,
        "narHash": "sha256-pLE7U5gOtlA/2wbKCsVRYf5DqMQ5TWBCrCfZGytDDeo=",
>>>>>>> Stashed changes
        "owner": "hercules-ci",
        "repo": "hercules-ci-effects",
<<<<<<< Updated upstream
        "rev": "1a3667d33e247ad35ca250698d63f49a5453d824",
||||||| Stash base
        "rev": "231726642197817d20310b9d39dd4afb9e899489",
=======
        "rev": "7db2b867219a26781437d840ce457b75b7645154",
>>>>>>> Stashed changes
        "type": "github"
      },
      "original": {
        "owner": "hercules-ci",
        "repo": "hercules-ci-effects",
        "type": "github"
      }
    },
    "nixpkgs": {
      "locked": {
        "lastModified": 1759070547,
        "narHash": "sha256-JVZl8NaVRYb0+381nl7LvPE+A774/dRpif01FKLrYFQ=",
        "owner": "NixOS",
        "repo": "nixpkgs",
        "rev": "647e5c14cbd5067f44ac86b74f014962df460840",
        "type": "github"
      },
      "original": {
        "owner": "NixOS",
        "ref": "nixpkgs-unstable",
        "repo": "nixpkgs",
        "type": "github"
      }
    },
    "nixpkgs-lib": {
      "locked": {
        "lastModified": 1754788789,
        "narHash": "sha256-x2rJ+Ovzq0sCMpgfgGaaqgBSwY+LST+WbZ6TytnT9Rk=",
        "owner": "nix-community",
        "repo": "nixpkgs.lib",
        "rev": "a73b9c743612e4244d865a2fdee11865283c04e6",
        "type": "github"
      },
      "original": {
        "owner": "nix-community",
        "repo": "nixpkgs.lib",
        "type": "github"
      }
    },
    "nixpkgs_2": {
      "locked": {
<<<<<<< Updated upstream
        "lastModified": 1755027561,
        "narHash": "sha256-IVft239Bc8p8Dtvf7UAACMG5P3ZV+3/aO28gXpGtMXI=",
||||||| Stash base
        "lastModified": 1747179050,
        "narHash": "sha256-qhFMmDkeJX9KJwr5H32f1r7Prs7XbQWtO0h3V0a0rFY=",
=======
        "lastModified": 1760284886,
        "narHash": "sha256-TK9Kr0BYBQ/1P5kAsnNQhmWWKgmZXwUQr4ZMjCzWf2c=",
>>>>>>> Stashed changes
        "owner": "NixOS",
        "repo": "nixpkgs",
<<<<<<< Updated upstream
        "rev": "005433b926e16227259a1843015b5b2b7f7d1fc3",
||||||| Stash base
        "rev": "adaa24fbf46737f3f1b5497bf64bae750f82942e",
=======
        "rev": "cf3f5c4def3c7b5f1fc012b3d839575dbe552d43",
>>>>>>> Stashed changes
        "type": "github"
      },
      "original": {
        "owner": "NixOS",
        "ref": "nixos-unstable",
        "repo": "nixpkgs",
        "type": "github"
      }
    },
    "nixpkgs_3": {
      "locked": {
<<<<<<< Updated upstream
        "lastModified": 1760894359,
        "narHash": "sha256-AikwEa+oDExGAXZT95L0JTmOpqtOpat2/0styYLgz8E=",
||||||| Stash base
        "lastModified": 1749717414,
        "narHash": "sha256-jHmRD7K0zslb7dtiwqsGosWxG62lXnxqjSNEaGTJcxc=",
=======
        "lastModified": 1761677559,
        "narHash": "sha256-xh8Fz6c1iXjlDJZh1fbowuMTFYcjwwtCUaI3nOItByQ=",
>>>>>>> Stashed changes
        "owner": "NixOS",
        "repo": "nixpkgs",
<<<<<<< Updated upstream
        "rev": "c6cb30e71d979661e029e73df792d1c77299d7df",
||||||| Stash base
        "rev": "6b71f105d47695f6d439365238d60fad199a63b7",
=======
        "rev": "9e0124a9dc8f50ae7fd2370f052734f10384235f",
>>>>>>> Stashed changes
        "type": "github"
      },
      "original": {
        "owner": "NixOS",
        "repo": "nixpkgs",
        "type": "github"
      }
    },
    "root": {
      "inputs": {
        "flake-parts": "flake-parts",
        "git-hooks-nix": "git-hooks-nix",
        "hci-effects": "hci-effects",
        "nixpkgs": "nixpkgs_3"
      }
    }
  },
  "root": "root",
  "version": 7
}
